// !$*UTF8*$!
{
	archiveVersion = 1;
	classes = {
	};
	objectVersion = 56;
	objects = {

/* Begin PBXBuildFile section */
		BB251D7A2B785B880075A9AF /* AnimalGridItemView.swift in Sources */ = {isa = PBXBuildFile; fileRef = BB251D792B785B880075A9AF /* AnimalGridItemView.swift */; };
		BB251D802B7861190075A9AF /* Stickers.xcassets in Resources */ = {isa = PBXBuildFile; fileRef = BB251D7F2B7861190075A9AF /* Stickers.xcassets */; };
		BB251D842B7861190075A9AF /* Stickers.appex in Embed Foundation Extensions */ = {isa = PBXBuildFile; fileRef = BB251D7D2B7861170075A9AF /* Stickers.appex */; settings = {ATTRIBUTES = (RemoveHeadersOnCopy, ); }; };
		BB251D8A2B78639A0075A9AF /* CreditsView.swift in Sources */ = {isa = PBXBuildFile; fileRef = BB251D892B78639A0075A9AF /* CreditsView.swift */; };
		BB251D8D2B7864E90075A9AF /* CenterModifier.swift in Sources */ = {isa = PBXBuildFile; fileRef = BB251D8C2B7864E90075A9AF /* CenterModifier.swift */; };
		BB30D5EE2B75F8190045E8BA /* VideoModel.swift in Sources */ = {isa = PBXBuildFile; fileRef = BB30D5ED2B75F8190045E8BA /* VideoModel.swift */; };
		BB30D5F02B75F8720045E8BA /* VideoListItemView.swift in Sources */ = {isa = PBXBuildFile; fileRef = BB30D5EF2B75F8720045E8BA /* VideoListItemView.swift */; };
		BB358D932B75FE87000D200A /* VideoPlayerView.swift in Sources */ = {isa = PBXBuildFile; fileRef = BB358D922B75FE87000D200A /* VideoPlayerView.swift */; };
		BB358D962B76001B000D200A /* VideoPlayerHelper.swift in Sources */ = {isa = PBXBuildFile; fileRef = BB358D952B76001B000D200A /* VideoPlayerHelper.swift */; };
		BB8AA44B2B77260B00B1AE8A /* LocationModel.swift in Sources */ = {isa = PBXBuildFile; fileRef = BB8AA44A2B77260B00B1AE8A /* LocationModel.swift */; };
		BB8AA44D2B772A0800B1AE8A /* MapAnnotationView.swift in Sources */ = {isa = PBXBuildFile; fileRef = BB8AA44C2B772A0800B1AE8A /* MapAnnotationView.swift */; };
		BB8AA44F2B772DAB00B1AE8A /* MotionAnimationView.swift in Sources */ = {isa = PBXBuildFile; fileRef = BB8AA44E2B772DAB00B1AE8A /* MotionAnimationView.swift */; };
		BBCBC27B2B6F21BF00964CFE /* iZooAppApp.swift in Sources */ = {isa = PBXBuildFile; fileRef = BBCBC27A2B6F21BF00964CFE /* iZooAppApp.swift */; };
		BBCBC27D2B6F21BF00964CFE /* ContentView.swift in Sources */ = {isa = PBXBuildFile; fileRef = BBCBC27C2B6F21BF00964CFE /* ContentView.swift */; };
		BBCBC27F2B6F21C000964CFE /* Assets.xcassets in Resources */ = {isa = PBXBuildFile; fileRef = BBCBC27E2B6F21C000964CFE /* Assets.xcassets */; };
		BBCBC2822B6F21C000964CFE /* Preview Assets.xcassets in Resources */ = {isa = PBXBuildFile; fileRef = BBCBC2812B6F21C000964CFE /* Preview Assets.xcassets */; };
		BBCBC2922B6F23C900964CFE /* cheetah.mp4 in Resources */ = {isa = PBXBuildFile; fileRef = BBCBC2892B6F23C800964CFE /* cheetah.mp4 */; };
		BBCBC2932B6F23C900964CFE /* giraffe.mp4 in Resources */ = {isa = PBXBuildFile; fileRef = BBCBC28A2B6F23C800964CFE /* giraffe.mp4 */; };
		BBCBC2942B6F23C900964CFE /* hippo.mp4 in Resources */ = {isa = PBXBuildFile; fileRef = BBCBC28B2B6F23C800964CFE /* hippo.mp4 */; };
		BBCBC2952B6F23C900964CFE /* ostrich.mp4 in Resources */ = {isa = PBXBuildFile; fileRef = BBCBC28C2B6F23C800964CFE /* ostrich.mp4 */; };
		BBCBC2962B6F23C900964CFE /* zebra.mp4 in Resources */ = {isa = PBXBuildFile; fileRef = BBCBC28D2B6F23C800964CFE /* zebra.mp4 */; };
		BBCBC2972B6F23C900964CFE /* rhino.mp4 in Resources */ = {isa = PBXBuildFile; fileRef = BBCBC28E2B6F23C900964CFE /* rhino.mp4 */; };
		BBCBC2982B6F23C900964CFE /* lioness.mp4 in Resources */ = {isa = PBXBuildFile; fileRef = BBCBC28F2B6F23C900964CFE /* lioness.mp4 */; };
		BBCBC2992B6F23C900964CFE /* elephant.mp4 in Resources */ = {isa = PBXBuildFile; fileRef = BBCBC2902B6F23C900964CFE /* elephant.mp4 */; };
		BBCBC29A2B6F23C900964CFE /* gorilla.mp4 in Resources */ = {isa = PBXBuildFile; fileRef = BBCBC2912B6F23C900964CFE /* gorilla.mp4 */; };
		BBCBC2A02B6F23FF00964CFE /* locations.json in Resources */ = {isa = PBXBuildFile; fileRef = BBCBC29C2B6F23FF00964CFE /* locations.json */; };
		BBCBC2A12B6F23FF00964CFE /* animals.json in Resources */ = {isa = PBXBuildFile; fileRef = BBCBC29D2B6F23FF00964CFE /* animals.json */; };
		BBCBC2A22B6F23FF00964CFE /* videos.json in Resources */ = {isa = PBXBuildFile; fileRef = BBCBC29E2B6F23FF00964CFE /* videos.json */; };
		BBCBC2A32B6F23FF00964CFE /* covers.json in Resources */ = {isa = PBXBuildFile; fileRef = BBCBC29F2B6F23FF00964CFE /* covers.json */; };
		BBCBC2A72B6F25E300964CFE /* VideoListView.swift in Sources */ = {isa = PBXBuildFile; fileRef = BBCBC2A62B6F25E300964CFE /* VideoListView.swift */; };
		BBCBC2A92B6F25F400964CFE /* MapView.swift in Sources */ = {isa = PBXBuildFile; fileRef = BBCBC2A82B6F25F400964CFE /* MapView.swift */; };
		BBCBC2AB2B6F260400964CFE /* GalleryView.swift in Sources */ = {isa = PBXBuildFile; fileRef = BBCBC2AA2B6F260400964CFE /* GalleryView.swift */; };
		BBCBC2AD2B6F261500964CFE /* MainView.swift in Sources */ = {isa = PBXBuildFile; fileRef = BBCBC2AC2B6F261500964CFE /* MainView.swift */; };
		BBCBC2B02B6F27A600964CFE /* CoverImageView.swift in Sources */ = {isa = PBXBuildFile; fileRef = BBCBC2AF2B6F27A600964CFE /* CoverImageView.swift */; };
		BBCBC2B32B6F29AA00964CFE /* CoverImageModel.swift in Sources */ = {isa = PBXBuildFile; fileRef = BBCBC2B22B6F29AA00964CFE /* CoverImageModel.swift */; };
		BBCBC2B62B6F2AF400964CFE /* CodableBundleExtension.swift in Sources */ = {isa = PBXBuildFile; fileRef = BBCBC2B52B6F2AF400964CFE /* CodableBundleExtension.swift */; };
		BBCBC2B92B6F316300964CFE /* AnimalListItemView.swift in Sources */ = {isa = PBXBuildFile; fileRef = BBCBC2B82B6F316300964CFE /* AnimalListItemView.swift */; };
		BBCBC2BB2B6F32AB00964CFE /* AnimalModel.swift in Sources */ = {isa = PBXBuildFile; fileRef = BBCBC2BA2B6F32AB00964CFE /* AnimalModel.swift */; };
		BBCBC2BD2B6F355300964CFE /* AnimalDetailView.swift in Sources */ = {isa = PBXBuildFile; fileRef = BBCBC2BC2B6F355300964CFE /* AnimalDetailView.swift */; };
		BBCBC2BF2B6F37DB00964CFE /* HeadingView.swift in Sources */ = {isa = PBXBuildFile; fileRef = BBCBC2BE2B6F37DB00964CFE /* HeadingView.swift */; };
		BBCBC2C12B6F38D500964CFE /* InsetGalleryView.swift in Sources */ = {isa = PBXBuildFile; fileRef = BBCBC2C02B6F38D500964CFE /* InsetGalleryView.swift */; };
		BBCBC2C32B6F3B1C00964CFE /* InsetFactView.swift in Sources */ = {isa = PBXBuildFile; fileRef = BBCBC2C22B6F3B1C00964CFE /* InsetFactView.swift */; };
		BBCBC2C52B6F3E0E00964CFE /* InsetMapView.swift in Sources */ = {isa = PBXBuildFile; fileRef = BBCBC2C42B6F3E0E00964CFE /* InsetMapView.swift */; };
		BBCBC2C72B6F41D400964CFE /* ExternalWeblinkView.swift in Sources */ = {isa = PBXBuildFile; fileRef = BBCBC2C62B6F41D400964CFE /* ExternalWeblinkView.swift */; };
/* End PBXBuildFile section */

/* Begin PBXContainerItemProxy section */
		BB251D822B7861190075A9AF /* PBXContainerItemProxy */ = {
			isa = PBXContainerItemProxy;
			containerPortal = BBCBC26F2B6F21BF00964CFE /* Project object */;
			proxyType = 1;
			remoteGlobalIDString = BB251D7C2B7861170075A9AF;
			remoteInfo = Stickers;
		};
/* End PBXContainerItemProxy section */

/* Begin PBXCopyFilesBuildPhase section */
		BB251D882B7861190075A9AF /* Embed Foundation Extensions */ = {
			isa = PBXCopyFilesBuildPhase;
			buildActionMask = 2147483647;
			dstPath = "";
			dstSubfolderSpec = 13;
			files = (
				BB251D842B7861190075A9AF /* Stickers.appex in Embed Foundation Extensions */,
			);
			name = "Embed Foundation Extensions";
			runOnlyForDeploymentPostprocessing = 0;
		};
/* End PBXCopyFilesBuildPhase section */

/* Begin PBXFileReference section */
		BB251D792B785B880075A9AF /* AnimalGridItemView.swift */ = {isa = PBXFileReference; lastKnownFileType = sourcecode.swift; path = AnimalGridItemView.swift; sourceTree = "<group>"; };
		BB251D7D2B7861170075A9AF /* Stickers.appex */ = {isa = PBXFileReference; explicitFileType = "wrapper.app-extension"; includeInIndex = 0; path = Stickers.appex; sourceTree = BUILT_PRODUCTS_DIR; };
		BB251D7F2B7861190075A9AF /* Stickers.xcassets */ = {isa = PBXFileReference; lastKnownFileType = folder.assetcatalog; path = Stickers.xcassets; sourceTree = "<group>"; };
		BB251D812B7861190075A9AF /* Info.plist */ = {isa = PBXFileReference; lastKnownFileType = text.plist.xml; path = Info.plist; sourceTree = "<group>"; };
		BB251D892B78639A0075A9AF /* CreditsView.swift */ = {isa = PBXFileReference; lastKnownFileType = sourcecode.swift; path = CreditsView.swift; sourceTree = "<group>"; };
		BB251D8C2B7864E90075A9AF /* CenterModifier.swift */ = {isa = PBXFileReference; lastKnownFileType = sourcecode.swift; path = CenterModifier.swift; sourceTree = "<group>"; };
		BB30D5ED2B75F8190045E8BA /* VideoModel.swift */ = {isa = PBXFileReference; lastKnownFileType = sourcecode.swift; path = VideoModel.swift; sourceTree = "<group>"; };
		BB30D5EF2B75F8720045E8BA /* VideoListItemView.swift */ = {isa = PBXFileReference; lastKnownFileType = sourcecode.swift; path = VideoListItemView.swift; sourceTree = "<group>"; };
		BB358D922B75FE87000D200A /* VideoPlayerView.swift */ = {isa = PBXFileReference; lastKnownFileType = sourcecode.swift; path = VideoPlayerView.swift; sourceTree = "<group>"; };
		BB358D952B76001B000D200A /* VideoPlayerHelper.swift */ = {isa = PBXFileReference; lastKnownFileType = sourcecode.swift; path = VideoPlayerHelper.swift; sourceTree = "<group>"; };
		BB8AA44A2B77260B00B1AE8A /* LocationModel.swift */ = {isa = PBXFileReference; lastKnownFileType = sourcecode.swift; path = LocationModel.swift; sourceTree = "<group>"; };
		BB8AA44C2B772A0800B1AE8A /* MapAnnotationView.swift */ = {isa = PBXFileReference; lastKnownFileType = sourcecode.swift; path = MapAnnotationView.swift; sourceTree = "<group>"; };
		BB8AA44E2B772DAB00B1AE8A /* MotionAnimationView.swift */ = {isa = PBXFileReference; lastKnownFileType = sourcecode.swift; path = MotionAnimationView.swift; sourceTree = "<group>"; };
		BBCBC2772B6F21BF00964CFE /* iZooApp.app */ = {isa = PBXFileReference; explicitFileType = wrapper.application; includeInIndex = 0; path = iZooApp.app; sourceTree = BUILT_PRODUCTS_DIR; };
		BBCBC27A2B6F21BF00964CFE /* iZooAppApp.swift */ = {isa = PBXFileReference; lastKnownFileType = sourcecode.swift; path = iZooAppApp.swift; sourceTree = "<group>"; };
		BBCBC27C2B6F21BF00964CFE /* ContentView.swift */ = {isa = PBXFileReference; lastKnownFileType = sourcecode.swift; path = ContentView.swift; sourceTree = "<group>"; };
		BBCBC27E2B6F21C000964CFE /* Assets.xcassets */ = {isa = PBXFileReference; lastKnownFileType = folder.assetcatalog; path = Assets.xcassets; sourceTree = "<group>"; };
		BBCBC2812B6F21C000964CFE /* Preview Assets.xcassets */ = {isa = PBXFileReference; lastKnownFileType = folder.assetcatalog; path = "Preview Assets.xcassets"; sourceTree = "<group>"; };
		BBCBC2892B6F23C800964CFE /* cheetah.mp4 */ = {isa = PBXFileReference; lastKnownFileType = file; path = cheetah.mp4; sourceTree = "<group>"; };
		BBCBC28A2B6F23C800964CFE /* giraffe.mp4 */ = {isa = PBXFileReference; lastKnownFileType = file; path = giraffe.mp4; sourceTree = "<group>"; };
		BBCBC28B2B6F23C800964CFE /* hippo.mp4 */ = {isa = PBXFileReference; lastKnownFileType = file; path = hippo.mp4; sourceTree = "<group>"; };
		BBCBC28C2B6F23C800964CFE /* ostrich.mp4 */ = {isa = PBXFileReference; lastKnownFileType = file; path = ostrich.mp4; sourceTree = "<group>"; };
		BBCBC28D2B6F23C800964CFE /* zebra.mp4 */ = {isa = PBXFileReference; lastKnownFileType = file; path = zebra.mp4; sourceTree = "<group>"; };
		BBCBC28E2B6F23C900964CFE /* rhino.mp4 */ = {isa = PBXFileReference; lastKnownFileType = file; path = rhino.mp4; sourceTree = "<group>"; };
		BBCBC28F2B6F23C900964CFE /* lioness.mp4 */ = {isa = PBXFileReference; lastKnownFileType = file; path = lioness.mp4; sourceTree = "<group>"; };
		BBCBC2902B6F23C900964CFE /* elephant.mp4 */ = {isa = PBXFileReference; lastKnownFileType = file; path = elephant.mp4; sourceTree = "<group>"; };
		BBCBC2912B6F23C900964CFE /* gorilla.mp4 */ = {isa = PBXFileReference; lastKnownFileType = file; path = gorilla.mp4; sourceTree = "<group>"; };
		BBCBC29C2B6F23FF00964CFE /* locations.json */ = {isa = PBXFileReference; fileEncoding = 4; lastKnownFileType = text.json; path = locations.json; sourceTree = "<group>"; };
		BBCBC29D2B6F23FF00964CFE /* animals.json */ = {isa = PBXFileReference; fileEncoding = 4; lastKnownFileType = text.json; path = animals.json; sourceTree = "<group>"; };
		BBCBC29E2B6F23FF00964CFE /* videos.json */ = {isa = PBXFileReference; fileEncoding = 4; lastKnownFileType = text.json; path = videos.json; sourceTree = "<group>"; };
		BBCBC29F2B6F23FF00964CFE /* covers.json */ = {isa = PBXFileReference; fileEncoding = 4; lastKnownFileType = text.json; path = covers.json; sourceTree = "<group>"; };
		BBCBC2A42B6F24E800964CFE /* Info.plist */ = {isa = PBXFileReference; lastKnownFileType = text.plist; path = Info.plist; sourceTree = "<group>"; };
		BBCBC2A62B6F25E300964CFE /* VideoListView.swift */ = {isa = PBXFileReference; lastKnownFileType = sourcecode.swift; path = VideoListView.swift; sourceTree = "<group>"; };
		BBCBC2A82B6F25F400964CFE /* MapView.swift */ = {isa = PBXFileReference; lastKnownFileType = sourcecode.swift; path = MapView.swift; sourceTree = "<group>"; };
		BBCBC2AA2B6F260400964CFE /* GalleryView.swift */ = {isa = PBXFileReference; lastKnownFileType = sourcecode.swift; path = GalleryView.swift; sourceTree = "<group>"; };
		BBCBC2AC2B6F261500964CFE /* MainView.swift */ = {isa = PBXFileReference; lastKnownFileType = sourcecode.swift; path = MainView.swift; sourceTree = "<group>"; };
		BBCBC2AF2B6F27A600964CFE /* CoverImageView.swift */ = {isa = PBXFileReference; lastKnownFileType = sourcecode.swift; path = CoverImageView.swift; sourceTree = "<group>"; };
		BBCBC2B22B6F29AA00964CFE /* CoverImageModel.swift */ = {isa = PBXFileReference; lastKnownFileType = sourcecode.swift; path = CoverImageModel.swift; sourceTree = "<group>"; };
		BBCBC2B52B6F2AF400964CFE /* CodableBundleExtension.swift */ = {isa = PBXFileReference; lastKnownFileType = sourcecode.swift; path = CodableBundleExtension.swift; sourceTree = "<group>"; };
		BBCBC2B82B6F316300964CFE /* AnimalListItemView.swift */ = {isa = PBXFileReference; lastKnownFileType = sourcecode.swift; path = AnimalListItemView.swift; sourceTree = "<group>"; };
		BBCBC2BA2B6F32AB00964CFE /* AnimalModel.swift */ = {isa = PBXFileReference; lastKnownFileType = sourcecode.swift; path = AnimalModel.swift; sourceTree = "<group>"; };
		BBCBC2BC2B6F355300964CFE /* AnimalDetailView.swift */ = {isa = PBXFileReference; lastKnownFileType = sourcecode.swift; path = AnimalDetailView.swift; sourceTree = "<group>"; };
		BBCBC2BE2B6F37DB00964CFE /* HeadingView.swift */ = {isa = PBXFileReference; lastKnownFileType = sourcecode.swift; path = HeadingView.swift; sourceTree = "<group>"; };
		BBCBC2C02B6F38D500964CFE /* InsetGalleryView.swift */ = {isa = PBXFileReference; lastKnownFileType = sourcecode.swift; path = InsetGalleryView.swift; sourceTree = "<group>"; };
		BBCBC2C22B6F3B1C00964CFE /* InsetFactView.swift */ = {isa = PBXFileReference; lastKnownFileType = sourcecode.swift; path = InsetFactView.swift; sourceTree = "<group>"; };
		BBCBC2C42B6F3E0E00964CFE /* InsetMapView.swift */ = {isa = PBXFileReference; lastKnownFileType = sourcecode.swift; path = InsetMapView.swift; sourceTree = "<group>"; };
		BBCBC2C62B6F41D400964CFE /* ExternalWeblinkView.swift */ = {isa = PBXFileReference; lastKnownFileType = sourcecode.swift; path = ExternalWeblinkView.swift; sourceTree = "<group>"; };
/* End PBXFileReference section */

/* Begin PBXFrameworksBuildPhase section */
		BBCBC2742B6F21BF00964CFE /* Frameworks */ = {
			isa = PBXFrameworksBuildPhase;
			buildActionMask = 2147483647;
			files = (
			);
			runOnlyForDeploymentPostprocessing = 0;
		};
/* End PBXFrameworksBuildPhase section */

/* Begin PBXGroup section */
		BB251D7E2B7861170075A9AF /* Stickers */ = {
			isa = PBXGroup;
			children = (
				BB251D7F2B7861190075A9AF /* Stickers.xcassets */,
				BB251D812B7861190075A9AF /* Info.plist */,
			);
			path = Stickers;
			sourceTree = "<group>";
		};
		BB251D8B2B7864D80075A9AF /* Modifier */ = {
			isa = PBXGroup;
			children = (
				BB251D8C2B7864E90075A9AF /* CenterModifier.swift */,
			);
			path = Modifier;
			sourceTree = "<group>";
		};
		BB358D942B760005000D200A /* Helper */ = {
			isa = PBXGroup;
			children = (
				BB358D952B76001B000D200A /* VideoPlayerHelper.swift */,
			);
			path = Helper;
			sourceTree = "<group>";
		};
		BBCBC26E2B6F21BF00964CFE = {
			isa = PBXGroup;
			children = (
				BBCBC2792B6F21BF00964CFE /* iZooApp */,
				BB251D7E2B7861170075A9AF /* Stickers */,
				BBCBC2782B6F21BF00964CFE /* Products */,
			);
			sourceTree = "<group>";
		};
		BBCBC2782B6F21BF00964CFE /* Products */ = {
			isa = PBXGroup;
			children = (
				BBCBC2772B6F21BF00964CFE /* iZooApp.app */,
				BB251D7D2B7861170075A9AF /* Stickers.appex */,
			);
			name = Products;
			sourceTree = "<group>";
		};
		BBCBC2792B6F21BF00964CFE /* iZooApp */ = {
			isa = PBXGroup;
			children = (
				BB251D8B2B7864D80075A9AF /* Modifier */,
				BB358D942B760005000D200A /* Helper */,
				BBCBC2A42B6F24E800964CFE /* Info.plist */,
				BBCBC2B42B6F2ADD00964CFE /* Extension */,
				BBCBC2B12B6F299800964CFE /* Model */,
				BBCBC2AE2B6F279500964CFE /* View */,
				BBCBC29B2B6F23F000964CFE /* Data */,
				BBCBC2882B6F23A000964CFE /* Video */,
				BBCBC2A52B6F25A700964CFE /* App */,
				BBCBC27E2B6F21C000964CFE /* Assets.xcassets */,
				BBCBC2802B6F21C000964CFE /* Preview Content */,
			);
			path = iZooApp;
			sourceTree = "<group>";
		};
		BBCBC2802B6F21C000964CFE /* Preview Content */ = {
			isa = PBXGroup;
			children = (
				BBCBC2812B6F21C000964CFE /* Preview Assets.xcassets */,
			);
			path = "Preview Content";
			sourceTree = "<group>";
		};
		BBCBC2882B6F23A000964CFE /* Video */ = {
			isa = PBXGroup;
			children = (
				BBCBC2892B6F23C800964CFE /* cheetah.mp4 */,
				BBCBC2902B6F23C900964CFE /* elephant.mp4 */,
				BBCBC28A2B6F23C800964CFE /* giraffe.mp4 */,
				BBCBC2912B6F23C900964CFE /* gorilla.mp4 */,
				BBCBC28B2B6F23C800964CFE /* hippo.mp4 */,
				BBCBC28F2B6F23C900964CFE /* lioness.mp4 */,
				BBCBC28C2B6F23C800964CFE /* ostrich.mp4 */,
				BBCBC28E2B6F23C900964CFE /* rhino.mp4 */,
				BBCBC28D2B6F23C800964CFE /* zebra.mp4 */,
			);
			path = Video;
			sourceTree = "<group>";
		};
		BBCBC29B2B6F23F000964CFE /* Data */ = {
			isa = PBXGroup;
			children = (
				BBCBC29D2B6F23FF00964CFE /* animals.json */,
				BBCBC29F2B6F23FF00964CFE /* covers.json */,
				BBCBC29C2B6F23FF00964CFE /* locations.json */,
				BBCBC29E2B6F23FF00964CFE /* videos.json */,
			);
			path = Data;
			sourceTree = "<group>";
		};
		BBCBC2A52B6F25A700964CFE /* App */ = {
			isa = PBXGroup;
			children = (
				BBCBC27A2B6F21BF00964CFE /* iZooAppApp.swift */,
				BBCBC27C2B6F21BF00964CFE /* ContentView.swift */,
				BBCBC2A62B6F25E300964CFE /* VideoListView.swift */,
				BBCBC2A82B6F25F400964CFE /* MapView.swift */,
				BBCBC2AA2B6F260400964CFE /* GalleryView.swift */,
				BBCBC2AC2B6F261500964CFE /* MainView.swift */,
			);
			path = App;
			sourceTree = "<group>";
		};
		BBCBC2AE2B6F279500964CFE /* View */ = {
			isa = PBXGroup;
			children = (
				BBCBC2AF2B6F27A600964CFE /* CoverImageView.swift */,
				BBCBC2B82B6F316300964CFE /* AnimalListItemView.swift */,
				BBCBC2BC2B6F355300964CFE /* AnimalDetailView.swift */,
				BBCBC2BE2B6F37DB00964CFE /* HeadingView.swift */,
				BBCBC2C02B6F38D500964CFE /* InsetGalleryView.swift */,
				BBCBC2C22B6F3B1C00964CFE /* InsetFactView.swift */,
				BBCBC2C42B6F3E0E00964CFE /* InsetMapView.swift */,
				BBCBC2C62B6F41D400964CFE /* ExternalWeblinkView.swift */,
				BB30D5EF2B75F8720045E8BA /* VideoListItemView.swift */,
				BB358D922B75FE87000D200A /* VideoPlayerView.swift */,
				BB8AA44C2B772A0800B1AE8A /* MapAnnotationView.swift */,
				BB8AA44E2B772DAB00B1AE8A /* MotionAnimationView.swift */,
				BB251D792B785B880075A9AF /* AnimalGridItemView.swift */,
				BB251D892B78639A0075A9AF /* CreditsView.swift */,
			);
			path = View;
			sourceTree = "<group>";
		};
		BBCBC2B12B6F299800964CFE /* Model */ = {
			isa = PBXGroup;
			children = (
				BBCBC2B22B6F29AA00964CFE /* CoverImageModel.swift */,
				BBCBC2BA2B6F32AB00964CFE /* AnimalModel.swift */,
				BB30D5ED2B75F8190045E8BA /* VideoModel.swift */,
				BB8AA44A2B77260B00B1AE8A /* LocationModel.swift */,
			);
			path = Model;
			sourceTree = "<group>";
		};
		BBCBC2B42B6F2ADD00964CFE /* Extension */ = {
			isa = PBXGroup;
			children = (
				BBCBC2B52B6F2AF400964CFE /* CodableBundleExtension.swift */,
			);
			path = Extension;
			sourceTree = "<group>";
		};
/* End PBXGroup section */

/* Begin PBXNativeTarget section */
		BB251D7C2B7861170075A9AF /* Stickers */ = {
			isa = PBXNativeTarget;
			buildConfigurationList = BB251D852B7861190075A9AF /* Build configuration list for PBXNativeTarget "Stickers" */;
			buildPhases = (
				BB251D7B2B7861170075A9AF /* Resources */,
			);
			buildRules = (
			);
			dependencies = (
			);
			name = Stickers;
			productName = Stickers;
			productReference = BB251D7D2B7861170075A9AF /* Stickers.appex */;
			productType = "com.apple.product-type.app-extension.messages-sticker-pack";
		};
		BBCBC2762B6F21BF00964CFE /* iZooApp */ = {
			isa = PBXNativeTarget;
			buildConfigurationList = BBCBC2852B6F21C000964CFE /* Build configuration list for PBXNativeTarget "iZooApp" */;
			buildPhases = (
				BBCBC2732B6F21BF00964CFE /* Sources */,
				BBCBC2742B6F21BF00964CFE /* Frameworks */,
				BBCBC2752B6F21BF00964CFE /* Resources */,
				BB251D882B7861190075A9AF /* Embed Foundation Extensions */,
			);
			buildRules = (
			);
			dependencies = (
				BB251D832B7861190075A9AF /* PBXTargetDependency */,
			);
			name = iZooApp;
			productName = iZooApp;
			productReference = BBCBC2772B6F21BF00964CFE /* iZooApp.app */;
			productType = "com.apple.product-type.application";
		};
/* End PBXNativeTarget section */

/* Begin PBXProject section */
		BBCBC26F2B6F21BF00964CFE /* Project object */ = {
			isa = PBXProject;
			attributes = {
				BuildIndependentTargetsInParallel = 1;
				LastSwiftUpdateCheck = 1420;
				LastUpgradeCheck = 1420;
				TargetAttributes = {
					BB251D7C2B7861170075A9AF = {
						CreatedOnToolsVersion = 14.2;
					};
					BBCBC2762B6F21BF00964CFE = {
						CreatedOnToolsVersion = 14.2;
					};
				};
			};
			buildConfigurationList = BBCBC2722B6F21BF00964CFE /* Build configuration list for PBXProject "iZooApp" */;
			compatibilityVersion = "Xcode 14.0";
			developmentRegion = en;
			hasScannedForEncodings = 0;
			knownRegions = (
				en,
				Base,
			);
			mainGroup = BBCBC26E2B6F21BF00964CFE;
			productRefGroup = BBCBC2782B6F21BF00964CFE /* Products */;
			projectDirPath = "";
			projectRoot = "";
			targets = (
				BBCBC2762B6F21BF00964CFE /* iZooApp */,
				BB251D7C2B7861170075A9AF /* Stickers */,
			);
		};
/* End PBXProject section */

/* Begin PBXResourcesBuildPhase section */
		BB251D7B2B7861170075A9AF /* Resources */ = {
			isa = PBXResourcesBuildPhase;
			buildActionMask = 2147483647;
			files = (
				BB251D802B7861190075A9AF /* Stickers.xcassets in Resources */,
			);
			runOnlyForDeploymentPostprocessing = 0;
		};
		BBCBC2752B6F21BF00964CFE /* Resources */ = {
			isa = PBXResourcesBuildPhase;
			buildActionMask = 2147483647;
			files = (
				BBCBC2972B6F23C900964CFE /* rhino.mp4 in Resources */,
				BBCBC2952B6F23C900964CFE /* ostrich.mp4 in Resources */,
				BBCBC2982B6F23C900964CFE /* lioness.mp4 in Resources */,
				BBCBC2A22B6F23FF00964CFE /* videos.json in Resources */,
				BBCBC2942B6F23C900964CFE /* hippo.mp4 in Resources */,
				BBCBC2822B6F21C000964CFE /* Preview Assets.xcassets in Resources */,
				BBCBC27F2B6F21C000964CFE /* Assets.xcassets in Resources */,
				BBCBC2932B6F23C900964CFE /* giraffe.mp4 in Resources */,
				BBCBC2A12B6F23FF00964CFE /* animals.json in Resources */,
				BBCBC2962B6F23C900964CFE /* zebra.mp4 in Resources */,
				BBCBC2A32B6F23FF00964CFE /* covers.json in Resources */,
				BBCBC2992B6F23C900964CFE /* elephant.mp4 in Resources */,
				BBCBC2922B6F23C900964CFE /* cheetah.mp4 in Resources */,
				BBCBC2A02B6F23FF00964CFE /* locations.json in Resources */,
				BBCBC29A2B6F23C900964CFE /* gorilla.mp4 in Resources */,
			);
			runOnlyForDeploymentPostprocessing = 0;
		};
/* End PBXResourcesBuildPhase section */

/* Begin PBXSourcesBuildPhase section */
		BBCBC2732B6F21BF00964CFE /* Sources */ = {
			isa = PBXSourcesBuildPhase;
			buildActionMask = 2147483647;
			files = (
				BBCBC2C72B6F41D400964CFE /* ExternalWeblinkView.swift in Sources */,
				BBCBC27D2B6F21BF00964CFE /* ContentView.swift in Sources */,
				BBCBC2B92B6F316300964CFE /* AnimalListItemView.swift in Sources */,
				BBCBC2AD2B6F261500964CFE /* MainView.swift in Sources */,
				BBCBC2C32B6F3B1C00964CFE /* InsetFactView.swift in Sources */,
				BBCBC2B02B6F27A600964CFE /* CoverImageView.swift in Sources */,
				BBCBC2B32B6F29AA00964CFE /* CoverImageModel.swift in Sources */,
				BBCBC2BD2B6F355300964CFE /* AnimalDetailView.swift in Sources */,
				BBCBC2BB2B6F32AB00964CFE /* AnimalModel.swift in Sources */,
				BBCBC2A92B6F25F400964CFE /* MapView.swift in Sources */,
				BB358D962B76001B000D200A /* VideoPlayerHelper.swift in Sources */,
				BBCBC2C52B6F3E0E00964CFE /* InsetMapView.swift in Sources */,
				BBCBC27B2B6F21BF00964CFE /* iZooAppApp.swift in Sources */,
				BB8AA44D2B772A0800B1AE8A /* MapAnnotationView.swift in Sources */,
				BBCBC2A72B6F25E300964CFE /* VideoListView.swift in Sources */,
				BB30D5EE2B75F8190045E8BA /* VideoModel.swift in Sources */,
				BBCBC2AB2B6F260400964CFE /* GalleryView.swift in Sources */,
				BB8AA44B2B77260B00B1AE8A /* LocationModel.swift in Sources */,
				BB251D7A2B785B880075A9AF /* AnimalGridItemView.swift in Sources */,
				BBCBC2C12B6F38D500964CFE /* InsetGalleryView.swift in Sources */,
				BB358D932B75FE87000D200A /* VideoPlayerView.swift in Sources */,
				BB251D8A2B78639A0075A9AF /* CreditsView.swift in Sources */,
				BB30D5F02B75F8720045E8BA /* VideoListItemView.swift in Sources */,
				BB8AA44F2B772DAB00B1AE8A /* MotionAnimationView.swift in Sources */,
				BB251D8D2B7864E90075A9AF /* CenterModifier.swift in Sources */,
				BBCBC2B62B6F2AF400964CFE /* CodableBundleExtension.swift in Sources */,
				BBCBC2BF2B6F37DB00964CFE /* HeadingView.swift in Sources */,
			);
			runOnlyForDeploymentPostprocessing = 0;
		};
/* End PBXSourcesBuildPhase section */

/* Begin PBXTargetDependency section */
		BB251D832B7861190075A9AF /* PBXTargetDependency */ = {
			isa = PBXTargetDependency;
			target = BB251D7C2B7861170075A9AF /* Stickers */;
			targetProxy = BB251D822B7861190075A9AF /* PBXContainerItemProxy */;
		};
/* End PBXTargetDependency section */

/* Begin XCBuildConfiguration section */
		BB251D862B7861190075A9AF /* Debug */ = {
			isa = XCBuildConfiguration;
			buildSettings = {
				ASSETCATALOG_COMPILER_APPICON_NAME = "iMessage App Icon";
				CODE_SIGN_STYLE = Automatic;
				CURRENT_PROJECT_VERSION = 1;
				DEVELOPMENT_TEAM = PFSN649J32;
				GENERATE_INFOPLIST_FILE = YES;
				INFOPLIST_FILE = Stickers/Info.plist;
				INFOPLIST_KEY_CFBundleDisplayName = iZoo;
				MARKETING_VERSION = 1.0;
				PRODUCT_BUNDLE_IDENTIFIER = com.elfaael.iZooApp.Stickers;
				PRODUCT_NAME = "$(TARGET_NAME)";
				SKIP_INSTALL = YES;
				SWIFT_EMIT_LOC_STRINGS = YES;
				TARGETED_DEVICE_FAMILY = "1,2";
			};
			name = Debug;
		};
		BB251D872B7861190075A9AF /* Release */ = {
			isa = XCBuildConfiguration;
			buildSettings = {
				ASSETCATALOG_COMPILER_APPICON_NAME = "iMessage App Icon";
				CODE_SIGN_STYLE = Automatic;
				CURRENT_PROJECT_VERSION = 1;
				DEVELOPMENT_TEAM = PFSN649J32;
				GENERATE_INFOPLIST_FILE = YES;
				INFOPLIST_FILE = Stickers/Info.plist;
				INFOPLIST_KEY_CFBundleDisplayName = iZoo;
				MARKETING_VERSION = 1.0;
				PRODUCT_BUNDLE_IDENTIFIER = com.elfaael.iZooApp.Stickers;
				PRODUCT_NAME = "$(TARGET_NAME)";
				SKIP_INSTALL = YES;
				SWIFT_EMIT_LOC_STRINGS = YES;
				TARGETED_DEVICE_FAMILY = "1,2";
			};
			name = Release;
		};
		BBCBC2832B6F21C000964CFE /* Debug */ = {
			isa = XCBuildConfiguration;
			buildSettings = {
				ALWAYS_SEARCH_USER_PATHS = NO;
				CLANG_ANALYZER_NONNULL = YES;
				CLANG_ANALYZER_NUMBER_OBJECT_CONVERSION = YES_AGGRESSIVE;
				CLANG_CXX_LANGUAGE_STANDARD = "gnu++20";
				CLANG_ENABLE_MODULES = YES;
				CLANG_ENABLE_OBJC_ARC = YES;
				CLANG_ENABLE_OBJC_WEAK = YES;
				CLANG_WARN_BLOCK_CAPTURE_AUTORELEASING = YES;
				CLANG_WARN_BOOL_CONVERSION = YES;
				CLANG_WARN_COMMA = YES;
				CLANG_WARN_CONSTANT_CONVERSION = YES;
				CLANG_WARN_DEPRECATED_OBJC_IMPLEMENTATIONS = YES;
				CLANG_WARN_DIRECT_OBJC_ISA_USAGE = YES_ERROR;
				CLANG_WARN_DOCUMENTATION_COMMENTS = YES;
				CLANG_WARN_EMPTY_BODY = YES;
				CLANG_WARN_ENUM_CONVERSION = YES;
				CLANG_WARN_INFINITE_RECURSION = YES;
				CLANG_WARN_INT_CONVERSION = YES;
				CLANG_WARN_NON_LITERAL_NULL_CONVERSION = YES;
				CLANG_WARN_OBJC_IMPLICIT_RETAIN_SELF = YES;
				CLANG_WARN_OBJC_LITERAL_CONVERSION = YES;
				CLANG_WARN_OBJC_ROOT_CLASS = YES_ERROR;
				CLANG_WARN_QUOTED_INCLUDE_IN_FRAMEWORK_HEADER = YES;
				CLANG_WARN_RANGE_LOOP_ANALYSIS = YES;
				CLANG_WARN_STRICT_PROTOTYPES = YES;
				CLANG_WARN_SUSPICIOUS_MOVE = YES;
				CLANG_WARN_UNGUARDED_AVAILABILITY = YES_AGGRESSIVE;
				CLANG_WARN_UNREACHABLE_CODE = YES;
				CLANG_WARN__DUPLICATE_METHOD_MATCH = YES;
				COPY_PHASE_STRIP = NO;
				DEBUG_INFORMATION_FORMAT = dwarf;
				ENABLE_STRICT_OBJC_MSGSEND = YES;
				ENABLE_TESTABILITY = YES;
				GCC_C_LANGUAGE_STANDARD = gnu11;
				GCC_DYNAMIC_NO_PIC = NO;
				GCC_NO_COMMON_BLOCKS = YES;
				GCC_OPTIMIZATION_LEVEL = 0;
				GCC_PREPROCESSOR_DEFINITIONS = (
					"DEBUG=1",
					"$(inherited)",
				);
				GCC_WARN_64_TO_32_BIT_CONVERSION = YES;
				GCC_WARN_ABOUT_RETURN_TYPE = YES_ERROR;
				GCC_WARN_UNDECLARED_SELECTOR = YES;
				GCC_WARN_UNINITIALIZED_AUTOS = YES_AGGRESSIVE;
				GCC_WARN_UNUSED_FUNCTION = YES;
				GCC_WARN_UNUSED_VARIABLE = YES;
				IPHONEOS_DEPLOYMENT_TARGET = 16.2;
				MTL_ENABLE_DEBUG_INFO = INCLUDE_SOURCE;
				MTL_FAST_MATH = YES;
				ONLY_ACTIVE_ARCH = YES;
				SDKROOT = iphoneos;
				SWIFT_ACTIVE_COMPILATION_CONDITIONS = DEBUG;
				SWIFT_OPTIMIZATION_LEVEL = "-Onone";
			};
			name = Debug;
		};
		BBCBC2842B6F21C000964CFE /* Release */ = {
			isa = XCBuildConfiguration;
			buildSettings = {
				ALWAYS_SEARCH_USER_PATHS = NO;
				CLANG_ANALYZER_NONNULL = YES;
				CLANG_ANALYZER_NUMBER_OBJECT_CONVERSION = YES_AGGRESSIVE;
				CLANG_CXX_LANGUAGE_STANDARD = "gnu++20";
				CLANG_ENABLE_MODULES = YES;
				CLANG_ENABLE_OBJC_ARC = YES;
				CLANG_ENABLE_OBJC_WEAK = YES;
				CLANG_WARN_BLOCK_CAPTURE_AUTORELEASING = YES;
				CLANG_WARN_BOOL_CONVERSION = YES;
				CLANG_WARN_COMMA = YES;
				CLANG_WARN_CONSTANT_CONVERSION = YES;
				CLANG_WARN_DEPRECATED_OBJC_IMPLEMENTATIONS = YES;
				CLANG_WARN_DIRECT_OBJC_ISA_USAGE = YES_ERROR;
				CLANG_WARN_DOCUMENTATION_COMMENTS = YES;
				CLANG_WARN_EMPTY_BODY = YES;
				CLANG_WARN_ENUM_CONVERSION = YES;
				CLANG_WARN_INFINITE_RECURSION = YES;
				CLANG_WARN_INT_CONVERSION = YES;
				CLANG_WARN_NON_LITERAL_NULL_CONVERSION = YES;
				CLANG_WARN_OBJC_IMPLICIT_RETAIN_SELF = YES;
				CLANG_WARN_OBJC_LITERAL_CONVERSION = YES;
				CLANG_WARN_OBJC_ROOT_CLASS = YES_ERROR;
				CLANG_WARN_QUOTED_INCLUDE_IN_FRAMEWORK_HEADER = YES;
				CLANG_WARN_RANGE_LOOP_ANALYSIS = YES;
				CLANG_WARN_STRICT_PROTOTYPES = YES;
				CLANG_WARN_SUSPICIOUS_MOVE = YES;
				CLANG_WARN_UNGUARDED_AVAILABILITY = YES_AGGRESSIVE;
				CLANG_WARN_UNREACHABLE_CODE = YES;
				CLANG_WARN__DUPLICATE_METHOD_MATCH = YES;
				COPY_PHASE_STRIP = NO;
				DEBUG_INFORMATION_FORMAT = "dwarf-with-dsym";
				ENABLE_NS_ASSERTIONS = NO;
				ENABLE_STRICT_OBJC_MSGSEND = YES;
				GCC_C_LANGUAGE_STANDARD = gnu11;
				GCC_NO_COMMON_BLOCKS = YES;
				GCC_WARN_64_TO_32_BIT_CONVERSION = YES;
				GCC_WARN_ABOUT_RETURN_TYPE = YES_ERROR;
				GCC_WARN_UNDECLARED_SELECTOR = YES;
				GCC_WARN_UNINITIALIZED_AUTOS = YES_AGGRESSIVE;
				GCC_WARN_UNUSED_FUNCTION = YES;
				GCC_WARN_UNUSED_VARIABLE = YES;
				IPHONEOS_DEPLOYMENT_TARGET = 16.2;
				MTL_ENABLE_DEBUG_INFO = NO;
				MTL_FAST_MATH = YES;
				SDKROOT = iphoneos;
				SWIFT_COMPILATION_MODE = wholemodule;
				SWIFT_OPTIMIZATION_LEVEL = "-O";
				VALIDATE_PRODUCT = YES;
			};
			name = Release;
		};
		BBCBC2862B6F21C000964CFE /* Debug */ = {
			isa = XCBuildConfiguration;
			buildSettings = {
				ASSETCATALOG_COMPILER_APPICON_NAME = AppIcon;
				ASSETCATALOG_COMPILER_GLOBAL_ACCENT_COLOR_NAME = AccentColor;
				CODE_SIGN_STYLE = Automatic;
				CURRENT_PROJECT_VERSION = 1;
				DEVELOPMENT_ASSET_PATHS = "\"iZooApp/Preview Content\"";
				DEVELOPMENT_TEAM = PFSN649J32;
				ENABLE_PREVIEWS = YES;
				GENERATE_INFOPLIST_FILE = YES;
				INFOPLIST_FILE = iZooApp/Info.plist;
				INFOPLIST_KEY_UIApplicationSceneManifest_Generation = YES;
				INFOPLIST_KEY_UIApplicationSupportsIndirectInputEvents = YES;
				INFOPLIST_KEY_UISupportedInterfaceOrientations_iPad = "UIInterfaceOrientationPortrait UIInterfaceOrientationPortraitUpsideDown UIInterfaceOrientationLandscapeLeft UIInterfaceOrientationLandscapeRight";
				INFOPLIST_KEY_UISupportedInterfaceOrientations_iPhone = "UIInterfaceOrientationPortrait UIInterfaceOrientationLandscapeLeft UIInterfaceOrientationLandscapeRight";
				INFOPLIST_KEY_UIUserInterfaceStyle = Dark;
				LD_RUNPATH_SEARCH_PATHS = (
					"$(inherited)",
					"@executable_path/Frameworks",
				);
				MARKETING_VERSION = 1.0;
				PRODUCT_BUNDLE_IDENTIFIER = com.elfaael.iZooApp;
				PRODUCT_NAME = "$(TARGET_NAME)";
				SWIFT_EMIT_LOC_STRINGS = YES;
				SWIFT_VERSION = 5.0;
				TARGETED_DEVICE_FAMILY = "1,2";
			};
			name = Debug;
		};
		BBCBC2872B6F21C000964CFE /* Release */ = {
			isa = XCBuildConfiguration;
			buildSettings = {
				ASSETCATALOG_COMPILER_APPICON_NAME = AppIcon;
				ASSETCATALOG_COMPILER_GLOBAL_ACCENT_COLOR_NAME = AccentColor;
				CODE_SIGN_STYLE = Automatic;
				CURRENT_PROJECT_VERSION = 1;
				DEVELOPMENT_ASSET_PATHS = "\"iZooApp/Preview Content\"";
				DEVELOPMENT_TEAM = PFSN649J32;
				ENABLE_PREVIEWS = YES;
				GENERATE_INFOPLIST_FILE = YES;
				INFOPLIST_FILE = iZooApp/Info.plist;
				INFOPLIST_KEY_UIApplicationSceneManifest_Generation = YES;
				INFOPLIST_KEY_UIApplicationSupportsIndirectInputEvents = YES;
				INFOPLIST_KEY_UISupportedInterfaceOrientations_iPad = "UIInterfaceOrientationPortrait UIInterfaceOrientationPortraitUpsideDown UIInterfaceOrientationLandscapeLeft UIInterfaceOrientationLandscapeRight";
				INFOPLIST_KEY_UISupportedInterfaceOrientations_iPhone = "UIInterfaceOrientationPortrait UIInterfaceOrientationLandscapeLeft UIInterfaceOrientationLandscapeRight";
				INFOPLIST_KEY_UIUserInterfaceStyle = Dark;
				LD_RUNPATH_SEARCH_PATHS = (
					"$(inherited)",
					"@executable_path/Frameworks",
				);
				MARKETING_VERSION = 1.0;
				PRODUCT_BUNDLE_IDENTIFIER = com.elfaael.iZooApp;
				PRODUCT_NAME = "$(TARGET_NAME)";
				SWIFT_EMIT_LOC_STRINGS = YES;
				SWIFT_VERSION = 5.0;
				TARGETED_DEVICE_FAMILY = "1,2";
			};
			name = Release;
		};
/* End XCBuildConfiguration section */

/* Begin XCConfigurationList section */
		BB251D852B7861190075A9AF /* Build configuration list for PBXNativeTarget "Stickers" */ = {
			isa = XCConfigurationList;
			buildConfigurations = (
				BB251D862B7861190075A9AF /* Debug */,
				BB251D872B7861190075A9AF /* Release */,
			);
			defaultConfigurationIsVisible = 0;
			defaultConfigurationName = Release;
		};
		BBCBC2722B6F21BF00964CFE /* Build configuration list for PBXProject "iZooApp" */ = {
			isa = XCConfigurationList;
			buildConfigurations = (
				BBCBC2832B6F21C000964CFE /* Debug */,
				BBCBC2842B6F21C000964CFE /* Release */,
			);
			defaultConfigurationIsVisible = 0;
			defaultConfigurationName = Release;
		};
		BBCBC2852B6F21C000964CFE /* Build configuration list for PBXNativeTarget "iZooApp" */ = {
			isa = XCConfigurationList;
			buildConfigurations = (
				BBCBC2862B6F21C000964CFE /* Debug */,
				BBCBC2872B6F21C000964CFE /* Release */,
			);
			defaultConfigurationIsVisible = 0;
			defaultConfigurationName = Release;
		};
/* End XCConfigurationList section */
	};
	rootObject = BBCBC26F2B6F21BF00964CFE /* Project object */;
}
